// !$*UTF8*$!
{
	archiveVersion = 1;
	classes = {
	};
	objectVersion = 50;
	objects = {

/* Begin PBXBuildFile section */
		2886574A2569231800896F54 /* CoreData.framework in Frameworks */ = {isa = PBXBuildFile; fileRef = 288657492569231800896F54 /* CoreData.framework */; };
		288E0503256932A200E21004 /* HomeVC.swift in Sources */ = {isa = PBXBuildFile; fileRef = 288E0502256932A200E21004 /* HomeVC.swift */; };
		28AB6867256917CF00524E45 /* AppDelegate.swift in Sources */ = {isa = PBXBuildFile; fileRef = 28AB6866256917CF00524E45 /* AppDelegate.swift */; };
		28AB6869256917CF00524E45 /* SceneDelegate.swift in Sources */ = {isa = PBXBuildFile; fileRef = 28AB6868256917CF00524E45 /* SceneDelegate.swift */; };
		28AB686E256917CF00524E45 /* Main.storyboard in Resources */ = {isa = PBXBuildFile; fileRef = 28AB686C256917CF00524E45 /* Main.storyboard */; };
		28AB6871256917CF00524E45 /* CoreData_Demo.xcdatamodeld in Sources */ = {isa = PBXBuildFile; fileRef = 28AB686F256917CF00524E45 /* CoreData_Demo.xcdatamodeld */; };
		28AB6873256917D300524E45 /* Assets.xcassets in Resources */ = {isa = PBXBuildFile; fileRef = 28AB6872256917D300524E45 /* Assets.xcassets */; };
		28AB6876256917D300524E45 /* LaunchScreen.storyboard in Resources */ = {isa = PBXBuildFile; fileRef = 28AB6874256917D300524E45 /* LaunchScreen.storyboard */; };
		28AB687F25691AF600524E45 /* LoginVC.swift in Sources */ = {isa = PBXBuildFile; fileRef = 28AB687E25691AF600524E45 /* LoginVC.swift */; };
		28AB688125691B0200524E45 /* SignUpVC.swift in Sources */ = {isa = PBXBuildFile; fileRef = 28AB688025691B0200524E45 /* SignUpVC.swift */; };
		28AB688425691E1A00524E45 /* Constant.swift in Sources */ = {isa = PBXBuildFile; fileRef = 28AB688325691E1A00524E45 /* Constant.swift */; };
		28B16A9325C5691400765BB1 /* Toast.swift in Sources */ = {isa = PBXBuildFile; fileRef = 28B16A9225C5691400765BB1 /* Toast.swift */; };
		28DA0239256A4CBD009273C6 /* User+CoreDataClass.swift in Sources */ = {isa = PBXBuildFile; fileRef = 28DA0237256A4CBD009273C6 /* User+CoreDataClass.swift */; };
		28DA023A256A4CBD009273C6 /* User+CoreDataProperties.swift in Sources */ = {isa = PBXBuildFile; fileRef = 28DA0238256A4CBD009273C6 /* User+CoreDataProperties.swift */; };
/* End PBXBuildFile section */

/* Begin PBXFileReference section */
		288657492569231800896F54 /* CoreData.framework */ = {isa = PBXFileReference; lastKnownFileType = wrapper.framework; name = CoreData.framework; path = System/Library/Frameworks/CoreData.framework; sourceTree = SDKROOT; };
		288E0502256932A200E21004 /* HomeVC.swift */ = {isa = PBXFileReference; lastKnownFileType = sourcecode.swift; path = HomeVC.swift; sourceTree = "<group>"; };
		28AB6863256917CE00524E45 /* CoreData_Demo.app */ = {isa = PBXFileReference; explicitFileType = wrapper.application; includeInIndex = 0; path = CoreData_Demo.app; sourceTree = BUILT_PRODUCTS_DIR; };
		28AB6866256917CF00524E45 /* AppDelegate.swift */ = {isa = PBXFileReference; lastKnownFileType = sourcecode.swift; path = AppDelegate.swift; sourceTree = "<group>"; };
		28AB6868256917CF00524E45 /* SceneDelegate.swift */ = {isa = PBXFileReference; lastKnownFileType = sourcecode.swift; path = SceneDelegate.swift; sourceTree = "<group>"; };
		28AB686D256917CF00524E45 /* Base */ = {isa = PBXFileReference; lastKnownFileType = file.storyboard; name = Base; path = Base.lproj/Main.storyboard; sourceTree = "<group>"; };
		28AB6870256917CF00524E45 /* CoreData_Demo.xcdatamodel */ = {isa = PBXFileReference; lastKnownFileType = wrapper.xcdatamodel; path = CoreData_Demo.xcdatamodel; sourceTree = "<group>"; };
		28AB6872256917D300524E45 /* Assets.xcassets */ = {isa = PBXFileReference; lastKnownFileType = folder.assetcatalog; path = Assets.xcassets; sourceTree = "<group>"; };
		28AB6875256917D300524E45 /* Base */ = {isa = PBXFileReference; lastKnownFileType = file.storyboard; name = Base; path = Base.lproj/LaunchScreen.storyboard; sourceTree = "<group>"; };
		28AB6877256917D300524E45 /* Info.plist */ = {isa = PBXFileReference; lastKnownFileType = text.plist.xml; path = Info.plist; sourceTree = "<group>"; };
		28AB687E25691AF600524E45 /* LoginVC.swift */ = {isa = PBXFileReference; lastKnownFileType = sourcecode.swift; path = LoginVC.swift; sourceTree = "<group>"; };
		28AB688025691B0200524E45 /* SignUpVC.swift */ = {isa = PBXFileReference; lastKnownFileType = sourcecode.swift; path = SignUpVC.swift; sourceTree = "<group>"; };
		28AB688325691E1A00524E45 /* Constant.swift */ = {isa = PBXFileReference; lastKnownFileType = sourcecode.swift; path = Constant.swift; sourceTree = "<group>"; };
		28B16A9225C5691400765BB1 /* Toast.swift */ = {isa = PBXFileReference; lastKnownFileType = sourcecode.swift; path = Toast.swift; sourceTree = "<group>"; };
		28DA0237256A4CBD009273C6 /* User+CoreDataClass.swift */ = {isa = PBXFileReference; lastKnownFileType = sourcecode.swift; path = "User+CoreDataClass.swift"; sourceTree = "<group>"; };
		28DA0238256A4CBD009273C6 /* User+CoreDataProperties.swift */ = {isa = PBXFileReference; lastKnownFileType = sourcecode.swift; path = "User+CoreDataProperties.swift"; sourceTree = "<group>"; };
/* End PBXFileReference section */

/* Begin PBXFrameworksBuildPhase section */
		28AB6860256917CE00524E45 /* Frameworks */ = {
			isa = PBXFrameworksBuildPhase;
			buildActionMask = 2147483647;
			files = (
				2886574A2569231800896F54 /* CoreData.framework in Frameworks */,
			);
			runOnlyForDeploymentPostprocessing = 0;
		};
/* End PBXFrameworksBuildPhase section */

/* Begin PBXGroup section */
		288657482569231700896F54 /* Frameworks */ = {
			isa = PBXGroup;
			children = (
				288657492569231800896F54 /* CoreData.framework */,
			);
			name = Frameworks;
			sourceTree = "<group>";
		};
		28AB685A256917CE00524E45 = {
			isa = PBXGroup;
			children = (
				28AB6865256917CE00524E45 /* CoreData_Demo */,
				28AB6864256917CE00524E45 /* Products */,
				288657482569231700896F54 /* Frameworks */,
			);
			sourceTree = "<group>";
		};
		28AB6864256917CE00524E45 /* Products */ = {
			isa = PBXGroup;
			children = (
				28AB6863256917CE00524E45 /* CoreData_Demo.app */,
			);
			name = Products;
			sourceTree = "<group>";
		};
		28AB6865256917CE00524E45 /* CoreData_Demo */ = {
			isa = PBXGroup;
			children = (
				28DA0235256A4C5F009273C6 /* Model */,
				28AB686F256917CF00524E45 /* CoreData_Demo.xcdatamodeld */,
				28AB688225691DE800524E45 /* HelperClasses */,
				28AB687D25691AC700524E45 /* Controllers */,
				28AB6866256917CF00524E45 /* AppDelegate.swift */,
				28AB6868256917CF00524E45 /* SceneDelegate.swift */,
				28AB686C256917CF00524E45 /* Main.storyboard */,
				28AB6872256917D300524E45 /* Assets.xcassets */,
				28AB6874256917D300524E45 /* LaunchScreen.storyboard */,
				28AB6877256917D300524E45 /* Info.plist */,
			);
			path = CoreData_Demo;
			sourceTree = "<group>";
		};
		28AB687D25691AC700524E45 /* Controllers */ = {
			isa = PBXGroup;
			children = (
				28AB687E25691AF600524E45 /* LoginVC.swift */,
				28AB688025691B0200524E45 /* SignUpVC.swift */,
				288E0502256932A200E21004 /* HomeVC.swift */,
			);
			path = Controllers;
			sourceTree = "<group>";
		};
		28AB688225691DE800524E45 /* HelperClasses */ = {
			isa = PBXGroup;
			children = (
				28AB688325691E1A00524E45 /* Constant.swift */,
				28B16A9225C5691400765BB1 /* Toast.swift */,
			);
			path = HelperClasses;
			sourceTree = "<group>";
		};
		28DA0235256A4C5F009273C6 /* Model */ = {
			isa = PBXGroup;
			children = (
				28DA0236256A4C69009273C6 /* UserModel */,
			);
			path = Model;
			sourceTree = "<group>";
		};
		28DA0236256A4C69009273C6 /* UserModel */ = {
			isa = PBXGroup;
			children = (
				28DA0237256A4CBD009273C6 /* User+CoreDataClass.swift */,
				28DA0238256A4CBD009273C6 /* User+CoreDataProperties.swift */,
			);
			path = UserModel;
			sourceTree = "<group>";
		};
/* End PBXGroup section */

/* Begin PBXNativeTarget section */
		28AB6862256917CE00524E45 /* CoreData_Demo */ = {
			isa = PBXNativeTarget;
			buildConfigurationList = 28AB687A256917D300524E45 /* Build configuration list for PBXNativeTarget "CoreData_Demo" */;
			buildPhases = (
				28AB685F256917CE00524E45 /* Sources */,
				28AB6860256917CE00524E45 /* Frameworks */,
				28AB6861256917CE00524E45 /* Resources */,
			);
			buildRules = (
			);
			dependencies = (
			);
			name = CoreData_Demo;
			productName = CoreData_Demo;
			productReference = 28AB6863256917CE00524E45 /* CoreData_Demo.app */;
			productType = "com.apple.product-type.application";
		};
/* End PBXNativeTarget section */

/* Begin PBXProject section */
		28AB685B256917CE00524E45 /* Project object */ = {
			isa = PBXProject;
			attributes = {
				LastSwiftUpdateCheck = 1160;
				LastUpgradeCheck = 1160;
				ORGANIZATIONNAME = "Varsha Shivhare";
				TargetAttributes = {
					28AB6862256917CE00524E45 = {
						CreatedOnToolsVersion = 11.6;
					};
				};
			};
			buildConfigurationList = 28AB685E256917CE00524E45 /* Build configuration list for PBXProject "CoreData_Demo" */;
			compatibilityVersion = "Xcode 9.3";
			developmentRegion = en;
			hasScannedForEncodings = 0;
			knownRegions = (
				en,
				Base,
			);
			mainGroup = 28AB685A256917CE00524E45;
			productRefGroup = 28AB6864256917CE00524E45 /* Products */;
			projectDirPath = "";
			projectRoot = "";
			targets = (
				28AB6862256917CE00524E45 /* CoreData_Demo */,
			);
		};
/* End PBXProject section */

/* Begin PBXResourcesBuildPhase section */
		28AB6861256917CE00524E45 /* Resources */ = {
			isa = PBXResourcesBuildPhase;
			buildActionMask = 2147483647;
			files = (
				28AB6876256917D300524E45 /* LaunchScreen.storyboard in Resources */,
				28AB6873256917D300524E45 /* Assets.xcassets in Resources */,
				28AB686E256917CF00524E45 /* Main.storyboard in Resources */,
			);
			runOnlyForDeploymentPostprocessing = 0;
		};
/* End PBXResourcesBuildPhase section */

/* Begin PBXSourcesBuildPhase section */
		28AB685F256917CE00524E45 /* Sources */ = {
			isa = PBXSourcesBuildPhase;
			buildActionMask = 2147483647;
			files = (
				28AB6871256917CF00524E45 /* CoreData_Demo.xcdatamodeld in Sources */,
				28AB6867256917CF00524E45 /* AppDelegate.swift in Sources */,
				28AB687F25691AF600524E45 /* LoginVC.swift in Sources */,
				28AB688125691B0200524E45 /* SignUpVC.swift in Sources */,
				28DA0239256A4CBD009273C6 /* User+CoreDataClass.swift in Sources */,
				28AB6869256917CF00524E45 /* SceneDelegate.swift in Sources */,
				288E0503256932A200E21004 /* HomeVC.swift in Sources */,
				28B16A9325C5691400765BB1 /* Toast.swift in Sources */,
				28DA023A256A4CBD009273C6 /* User+CoreDataProperties.swift in Sources */,
				28AB688425691E1A00524E45 /* Constant.swift in Sources */,
			);
			runOnlyForDeploymentPostprocessing = 0;
		};
/* End PBXSourcesBuildPhase section */

/* Begin PBXVariantGroup section */
		28AB686C256917CF00524E45 /* Main.storyboard */ = {
			isa = PBXVariantGroup;
			children = (
				28AB686D256917CF00524E45 /* Base */,
			);
			name = Main.storyboard;
			sourceTree = "<group>";
		};
		28AB6874256917D300524E45 /* LaunchScreen.storyboard */ = {
			isa = PBXVariantGroup;
			children = (
				28AB6875256917D300524E45 /* Base */,
			);
			name = LaunchScreen.storyboard;
			sourceTree = "<group>";
		};
/* End PBXVariantGroup section */

/* Begin XCBuildConfiguration section */
		28AB6878256917D300524E45 /* Debug */ = {
			isa = XCBuildConfiguration;
			buildSettings = {
				ALWAYS_SEARCH_USER_PATHS = NO;
				CLANG_ANALYZER_NONNULL = YES;
				CLANG_ANALYZER_NUMBER_OBJECT_CONVERSION = YES_AGGRESSIVE;
				CLANG_CXX_LANGUAGE_STANDARD = "gnu++14";
				CLANG_CXX_LIBRARY = "libc++";
				CLANG_ENABLE_MODULES = YES;
				CLANG_ENABLE_OBJC_ARC = YES;
				CLANG_ENABLE_OBJC_WEAK = YES;
				CLANG_WARN_BLOCK_CAPTURE_AUTORELEASING = YES;
				CLANG_WARN_BOOL_CONVERSION = YES;
				CLANG_WARN_COMMA = YES;
				CLANG_WARN_CONSTANT_CONVERSION = YES;
				CLANG_WARN_DEPRECATED_OBJC_IMPLEMENTATIONS = YES;
				CLANG_WARN_DIRECT_OBJC_ISA_USAGE = YES_ERROR;
				CLANG_WARN_DOCUMENTATION_COMMENTS = YES;
				CLANG_WARN_EMPTY_BODY = YES;
				CLANG_WARN_ENUM_CONVERSION = YES;
				CLANG_WARN_INFINITE_RECURSION = YES;
				CLANG_WARN_INT_CONVERSION = YES;
				CLANG_WARN_NON_LITERAL_NULL_CONVERSION = YES;
				CLANG_WARN_OBJC_IMPLICIT_RETAIN_SELF = YES;
				CLANG_WARN_OBJC_LITERAL_CONVERSION = YES;
				CLANG_WARN_OBJC_ROOT_CLASS = YES_ERROR;
				CLANG_WARN_RANGE_LOOP_ANALYSIS = YES;
				CLANG_WARN_STRICT_PROTOTYPES = YES;
				CLANG_WARN_SUSPICIOUS_MOVE = YES;
				CLANG_WARN_UNGUARDED_AVAILABILITY = YES_AGGRESSIVE;
				CLANG_WARN_UNREACHABLE_CODE = YES;
				CLANG_WARN__DUPLICATE_METHOD_MATCH = YES;
				COPY_PHASE_STRIP = NO;
				DEBUG_INFORMATION_FORMAT = dwarf;
				ENABLE_STRICT_OBJC_MSGSEND = YES;
				ENABLE_TESTABILITY = YES;
				GCC_C_LANGUAGE_STANDARD = gnu11;
				GCC_DYNAMIC_NO_PIC = NO;
				GCC_NO_COMMON_BLOCKS = YES;
				GCC_OPTIMIZATION_LEVEL = 0;
				GCC_PREPROCESSOR_DEFINITIONS = (
					"DEBUG=1",
					"$(inherited)",
				);
				GCC_WARN_64_TO_32_BIT_CONVERSION = YES;
				GCC_WARN_ABOUT_RETURN_TYPE = YES_ERROR;
				GCC_WARN_UNDECLARED_SELECTOR = YES;
				GCC_WARN_UNINITIALIZED_AUTOS = YES_AGGRESSIVE;
				GCC_WARN_UNUSED_FUNCTION = YES;
				GCC_WARN_UNUSED_VARIABLE = YES;
				IPHONEOS_DEPLOYMENT_TARGET = 13.6;
				MTL_ENABLE_DEBUG_INFO = INCLUDE_SOURCE;
				MTL_FAST_MATH = YES;
				ONLY_ACTIVE_ARCH = YES;
				SDKROOT = iphoneos;
				SWIFT_ACTIVE_COMPILATION_CONDITIONS = DEBUG;
				SWIFT_OPTIMIZATION_LEVEL = "-Onone";
			};
			name = Debug;
		};
		28AB6879256917D300524E45 /* Release */ = {
			isa = XCBuildConfiguration;
			buildSettings = {
				ALWAYS_SEARCH_USER_PATHS = NO;
				CLANG_ANALYZER_NONNULL = YES;
				CLANG_ANALYZER_NUMBER_OBJECT_CONVERSION = YES_AGGRESSIVE;
				CLANG_CXX_LANGUAGE_STANDARD = "gnu++14";
				CLANG_CXX_LIBRARY = "libc++";
				CLANG_ENABLE_MODULES = YES;
				CLANG_ENABLE_OBJC_ARC = YES;
				CLANG_ENABLE_OBJC_WEAK = YES;
				CLANG_WARN_BLOCK_CAPTURE_AUTORELEASING = YES;
				CLANG_WARN_BOOL_CONVERSION = YES;
				CLANG_WARN_COMMA = YES;
				CLANG_WARN_CONSTANT_CONVERSION = YES;
				CLANG_WARN_DEPRECATED_OBJC_IMPLEMENTATIONS = YES;
				CLANG_WARN_DIRECT_OBJC_ISA_USAGE = YES_ERROR;
				CLANG_WARN_DOCUMENTATION_COMMENTS = YES;
				CLANG_WARN_EMPTY_BODY = YES;
				CLANG_WARN_ENUM_CONVERSION = YES;
				CLANG_WARN_INFINITE_RECURSION = YES;
				CLANG_WARN_INT_CONVERSION = YES;
				CLANG_WARN_NON_LITERAL_NULL_CONVERSION = YES;
				CLANG_WARN_OBJC_IMPLICIT_RETAIN_SELF = YES;
				CLANG_WARN_OBJC_LITERAL_CONVERSION = YES;
				CLANG_WARN_OBJC_ROOT_CLASS = YES_ERROR;
				CLANG_WARN_RANGE_LOOP_ANALYSIS = YES;
				CLANG_WARN_STRICT_PROTOTYPES = YES;
				CLANG_WARN_SUSPICIOUS_MOVE = YES;
				CLANG_WARN_UNGUARDED_AVAILABILITY = YES_AGGRESSIVE;
				CLANG_WARN_UNREACHABLE_CODE = YES;
				CLANG_WARN__DUPLICATE_METHOD_MATCH = YES;
				COPY_PHASE_STRIP = NO;
				DEBUG_INFORMATION_FORMAT = "dwarf-with-dsym";
				ENABLE_NS_ASSERTIONS = NO;
				ENABLE_STRICT_OBJC_MSGSEND = YES;
				GCC_C_LANGUAGE_STANDARD = gnu11;
				GCC_NO_COMMON_BLOCKS = YES;
				GCC_WARN_64_TO_32_BIT_CONVERSION = YES;
				GCC_WARN_ABOUT_RETURN_TYPE = YES_ERROR;
				GCC_WARN_UNDECLARED_SELECTOR = YES;
				GCC_WARN_UNINITIALIZED_AUTOS = YES_AGGRESSIVE;
				GCC_WARN_UNUSED_FUNCTION = YES;
				GCC_WARN_UNUSED_VARIABLE = YES;
				IPHONEOS_DEPLOYMENT_TARGET = 13.6;
				MTL_ENABLE_DEBUG_INFO = NO;
				MTL_FAST_MATH = YES;
				SDKROOT = iphoneos;
				SWIFT_COMPILATION_MODE = wholemodule;
				SWIFT_OPTIMIZATION_LEVEL = "-O";
				VALIDATE_PRODUCT = YES;
			};
			name = Release;
		};
		28AB687B256917D300524E45 /* Debug */ = {
			isa = XCBuildConfiguration;
			buildSettings = {
				ASSETCATALOG_COMPILER_APPICON_NAME = AppIcon;
				CODE_SIGN_STYLE = Automatic;
				INFOPLIST_FILE = CoreData_Demo/Info.plist;
				LD_RUNPATH_SEARCH_PATHS = (
					"$(inherited)",
					"@executable_path/Frameworks",
				);
				PRODUCT_BUNDLE_IDENTIFIER = "com.VarshaShivhare.CoreData-Demo";
				PRODUCT_NAME = "$(TARGET_NAME)";
				SWIFT_VERSION = 5.0;
				TARGETED_DEVICE_FAMILY = "1,2";
			};
			name = Debug;
		};
		28AB687C256917D300524E45 /* Release */ = {
			isa = XCBuildConfiguration;
			buildSettings = {
				ASSETCATALOG_COMPILER_APPICON_NAME = AppIcon;
				CODE_SIGN_STYLE = Automatic;
				INFOPLIST_FILE = CoreData_Demo/Info.plist;
				LD_RUNPATH_SEARCH_PATHS = (
					"$(inherited)",
					"@executable_path/Frameworks",
				);
				PRODUCT_BUNDLE_IDENTIFIER = "com.VarshaShivhare.CoreData-Demo";
				PRODUCT_NAME = "$(TARGET_NAME)";
				SWIFT_VERSION = 5.0;
				TARGETED_DEVICE_FAMILY = "1,2";
			};
			name = Release;
		};
/* End XCBuildConfiguration section */

/* Begin XCConfigurationList section */
		28AB685E256917CE00524E45 /* Build configuration list for PBXProject "CoreData_Demo" */ = {
			isa = XCConfigurationList;
			buildConfigurations = (
				28AB6878256917D300524E45 /* Debug */,
				28AB6879256917D300524E45 /* Release */,
			);
			defaultConfigurationIsVisible = 0;
			defaultConfigurationName = Release;
		};
		28AB687A256917D300524E45 /* Build configuration list for PBXNativeTarget "CoreData_Demo" */ = {
			isa = XCConfigurationList;
			buildConfigurations = (
				28AB687B256917D300524E45 /* Debug */,
				28AB687C256917D300524E45 /* Release */,
			);
			defaultConfigurationIsVisible = 0;
			defaultConfigurationName = Release;
		};
/* End XCConfigurationList section */

/* Begin XCVersionGroup section */
		28AB686F256917CF00524E45 /* CoreData_Demo.xcdatamodeld */ = {
			isa = XCVersionGroup;
			children = (
				28AB6870256917CF00524E45 /* CoreData_Demo.xcdatamodel */,
			);
			currentVersion = 28AB6870256917CF00524E45 /* CoreData_Demo.xcdatamodel */;
			path = CoreData_Demo.xcdatamodeld;
			sourceTree = "<group>";
			versionGroupType = wrapper.xcdatamodel;
		};
/* End XCVersionGroup section */
	};
	rootObject = 28AB685B256917CE00524E45 /* Project object */;
}
